
Microsoft Visual Studio Solution File, Format Version 12.00
# Visual Studio Version 16
VisualStudioVersion = 16.0.32929.386
MinimumVisualStudioVersion = 10.0.40219.1
Project("{D2ABAB84-BF74-430A-B69E-9DC6D40DDA17}") = "ProyectoCubo2", "ProyectoCubo2.dwproj", "{0687077D-B8FD-4653-BD57-ED4364338812}"
EndProject
Global
	GlobalSection(SolutionConfigurationPlatforms) = preSolution
		Development|Default = Development|Default
	EndGlobalSection
	GlobalSection(ProjectConfigurationPlatforms) = postSolution
		{0687077D-B8FD-4653-BD57-ED4364338812}.Development|Default.ActiveCfg = Development
		{0687077D-B8FD-4653-BD57-ED4364338812}.Development|Default.Build.0 = Development
		{0687077D-B8FD-4653-BD57-ED4364338812}.Development|Default.Deploy.0 = Development
	EndGlobalSection
	GlobalSection(SolutionProperties) = preSolution
		HideSolutionNode = FALSE
	EndGlobalSection
	GlobalSection(ExtensibilityGlobals) = postSolution
		SolutionGuid = {38D56ED5-F263-429E-8F56-634BF8367CD1}
	EndGlobalSection
EndGlobal
